// !$*UTF8*$!
{
	archiveVersion = 1;
	classes = {
	};
	objectVersion = 56;
	objects = {

/* Begin PBXBuildFile section */
		93CE051D2C92D479000C28BE /* AppDelegate.swift in Sources */ = {isa = PBXBuildFile; fileRef = 93CE051C2C92D479000C28BE /* AppDelegate.swift */; };
		93CE051F2C92D479000C28BE /* SceneDelegate.swift in Sources */ = {isa = PBXBuildFile; fileRef = 93CE051E2C92D479000C28BE /* SceneDelegate.swift */; };
		93CE05262C92D47B000C28BE /* Assets.xcassets in Resources */ = {isa = PBXBuildFile; fileRef = 93CE05252C92D47B000C28BE /* Assets.xcassets */; };
		93CE05292C92D47B000C28BE /* Base in Resources */ = {isa = PBXBuildFile; fileRef = 93CE05282C92D47B000C28BE /* Base */; };
		93CE05342C92D47B000C28BE /* Github_FollowersTests.swift in Sources */ = {isa = PBXBuildFile; fileRef = 93CE05332C92D47B000C28BE /* Github_FollowersTests.swift */; };
		93CE053E2C92D47B000C28BE /* Github_FollowersUITests.swift in Sources */ = {isa = PBXBuildFile; fileRef = 93CE053D2C92D47B000C28BE /* Github_FollowersUITests.swift */; };
		93CE05402C92D47B000C28BE /* Github_FollowersUITestsLaunchTests.swift in Sources */ = {isa = PBXBuildFile; fileRef = 93CE053F2C92D47B000C28BE /* Github_FollowersUITestsLaunchTests.swift */; };
		93CE054E2C92DA18000C28BE /* SearchViewController.swift in Sources */ = {isa = PBXBuildFile; fileRef = 93CE054D2C92DA18000C28BE /* SearchViewController.swift */; };
		93CE05502C92DA4A000C28BE /* FavoritesListViewController.swift in Sources */ = {isa = PBXBuildFile; fileRef = 93CE054F2C92DA4A000C28BE /* FavoritesListViewController.swift */; };
		93CE05532C92E92D000C28BE /* GFButton.swift in Sources */ = {isa = PBXBuildFile; fileRef = 93CE05522C92E92D000C28BE /* GFButton.swift */; };
		93CE05552C92EC37000C28BE /* GFTextField.swift in Sources */ = {isa = PBXBuildFile; fileRef = 93CE05542C92EC36000C28BE /* GFTextField.swift */; };
		93CE05572C92F6A0000C28BE /* FollowerListViewController.swift in Sources */ = {isa = PBXBuildFile; fileRef = 93CE05562C92F6A0000C28BE /* FollowerListViewController.swift */; };
/* End PBXBuildFile section */

/* Begin PBXContainerItemProxy section */
		93CE05302C92D47B000C28BE /* PBXContainerItemProxy */ = {
			isa = PBXContainerItemProxy;
			containerPortal = 93CE05112C92D479000C28BE /* Project object */;
			proxyType = 1;
			remoteGlobalIDString = 93CE05182C92D479000C28BE;
			remoteInfo = "Github Followers";
		};
		93CE053A2C92D47B000C28BE /* PBXContainerItemProxy */ = {
			isa = PBXContainerItemProxy;
			containerPortal = 93CE05112C92D479000C28BE /* Project object */;
			proxyType = 1;
			remoteGlobalIDString = 93CE05182C92D479000C28BE;
			remoteInfo = "Github Followers";
		};
/* End PBXContainerItemProxy section */

/* Begin PBXFileReference section */
		93CE05192C92D479000C28BE /* Github Followers.app */ = {isa = PBXFileReference; explicitFileType = wrapper.application; includeInIndex = 0; path = "Github Followers.app"; sourceTree = BUILT_PRODUCTS_DIR; };
		93CE051C2C92D479000C28BE /* AppDelegate.swift */ = {isa = PBXFileReference; lastKnownFileType = sourcecode.swift; path = AppDelegate.swift; sourceTree = "<group>"; };
		93CE051E2C92D479000C28BE /* SceneDelegate.swift */ = {isa = PBXFileReference; lastKnownFileType = sourcecode.swift; path = SceneDelegate.swift; sourceTree = "<group>"; };
		93CE05252C92D47B000C28BE /* Assets.xcassets */ = {isa = PBXFileReference; lastKnownFileType = folder.assetcatalog; path = Assets.xcassets; sourceTree = "<group>"; };
		93CE05282C92D47B000C28BE /* Base */ = {isa = PBXFileReference; lastKnownFileType = file.storyboard; name = Base; path = Base.lproj/LaunchScreen.storyboard; sourceTree = "<group>"; };
		93CE052A2C92D47B000C28BE /* Info.plist */ = {isa = PBXFileReference; lastKnownFileType = text.plist.xml; path = Info.plist; sourceTree = "<group>"; };
		93CE052F2C92D47B000C28BE /* Github FollowersTests.xctest */ = {isa = PBXFileReference; explicitFileType = wrapper.cfbundle; includeInIndex = 0; path = "Github FollowersTests.xctest"; sourceTree = BUILT_PRODUCTS_DIR; };
		93CE05332C92D47B000C28BE /* Github_FollowersTests.swift */ = {isa = PBXFileReference; lastKnownFileType = sourcecode.swift; path = Github_FollowersTests.swift; sourceTree = "<group>"; };
		93CE05392C92D47B000C28BE /* Github FollowersUITests.xctest */ = {isa = PBXFileReference; explicitFileType = wrapper.cfbundle; includeInIndex = 0; path = "Github FollowersUITests.xctest"; sourceTree = BUILT_PRODUCTS_DIR; };
		93CE053D2C92D47B000C28BE /* Github_FollowersUITests.swift */ = {isa = PBXFileReference; lastKnownFileType = sourcecode.swift; path = Github_FollowersUITests.swift; sourceTree = "<group>"; };
		93CE053F2C92D47B000C28BE /* Github_FollowersUITestsLaunchTests.swift */ = {isa = PBXFileReference; lastKnownFileType = sourcecode.swift; path = Github_FollowersUITestsLaunchTests.swift; sourceTree = "<group>"; };
		93CE054D2C92DA18000C28BE /* SearchViewController.swift */ = {isa = PBXFileReference; lastKnownFileType = sourcecode.swift; path = SearchViewController.swift; sourceTree = "<group>"; };
		93CE054F2C92DA4A000C28BE /* FavoritesListViewController.swift */ = {isa = PBXFileReference; lastKnownFileType = sourcecode.swift; path = FavoritesListViewController.swift; sourceTree = "<group>"; };
		93CE05522C92E92D000C28BE /* GFButton.swift */ = {isa = PBXFileReference; lastKnownFileType = sourcecode.swift; path = GFButton.swift; sourceTree = "<group>"; };
		93CE05542C92EC36000C28BE /* GFTextField.swift */ = {isa = PBXFileReference; lastKnownFileType = sourcecode.swift; path = GFTextField.swift; sourceTree = "<group>"; };
		93CE05562C92F6A0000C28BE /* FollowerListViewController.swift */ = {isa = PBXFileReference; lastKnownFileType = sourcecode.swift; path = FollowerListViewController.swift; sourceTree = "<group>"; };
/* End PBXFileReference section */

/* Begin PBXFrameworksBuildPhase section */
		93CE05162C92D479000C28BE /* Frameworks */ = {
			isa = PBXFrameworksBuildPhase;
			buildActionMask = 2147483647;
			files = (
			);
			runOnlyForDeploymentPostprocessing = 0;
		};
		93CE052C2C92D47B000C28BE /* Frameworks */ = {
			isa = PBXFrameworksBuildPhase;
			buildActionMask = 2147483647;
			files = (
			);
			runOnlyForDeploymentPostprocessing = 0;
		};
		93CE05362C92D47B000C28BE /* Frameworks */ = {
			isa = PBXFrameworksBuildPhase;
			buildActionMask = 2147483647;
			files = (
			);
			runOnlyForDeploymentPostprocessing = 0;
		};
/* End PBXFrameworksBuildPhase section */

/* Begin PBXGroup section */
		93CE05102C92D479000C28BE = {
			isa = PBXGroup;
			children = (
				93CE051B2C92D479000C28BE /* Github Followers */,
				93CE05322C92D47B000C28BE /* Github FollowersTests */,
				93CE053C2C92D47B000C28BE /* Github FollowersUITests */,
				93CE051A2C92D479000C28BE /* Products */,
			);
			sourceTree = "<group>";
		};
		93CE051A2C92D479000C28BE /* Products */ = {
			isa = PBXGroup;
			children = (
				93CE05192C92D479000C28BE /* Github Followers.app */,
				93CE052F2C92D47B000C28BE /* Github FollowersTests.xctest */,
				93CE05392C92D47B000C28BE /* Github FollowersUITests.xctest */,
			);
			name = Products;
			sourceTree = "<group>";
		};
		93CE051B2C92D479000C28BE /* Github Followers */ = {
			isa = PBXGroup;
			children = (
				93CE052A2C92D47B000C28BE /* Info.plist */,
				93CE051C2C92D479000C28BE /* AppDelegate.swift */,
				93CE051E2C92D479000C28BE /* SceneDelegate.swift */,
				93CE05252C92D47B000C28BE /* Assets.xcassets */,
				93CE05272C92D47B000C28BE /* LaunchScreen.storyboard */,
				93CE054C2C92D9DD000C28BE /* ViewControllers */,
				93CE05512C92E908000C28BE /* Views */,
			);
			path = "Github Followers";
			sourceTree = "<group>";
		};
		93CE05322C92D47B000C28BE /* Github FollowersTests */ = {
			isa = PBXGroup;
			children = (
				93CE05332C92D47B000C28BE /* Github_FollowersTests.swift */,
			);
			path = "Github FollowersTests";
			sourceTree = "<group>";
		};
		93CE053C2C92D47B000C28BE /* Github FollowersUITests */ = {
			isa = PBXGroup;
			children = (
				93CE053D2C92D47B000C28BE /* Github_FollowersUITests.swift */,
				93CE053F2C92D47B000C28BE /* Github_FollowersUITestsLaunchTests.swift */,
			);
			path = "Github FollowersUITests";
			sourceTree = "<group>";
		};
		93CE054C2C92D9DD000C28BE /* ViewControllers */ = {
			isa = PBXGroup;
			children = (
				93CE054F2C92DA4A000C28BE /* FavoritesListViewController.swift */,
				93CE05562C92F6A0000C28BE /* FollowerListViewController.swift */,
				93CE054D2C92DA18000C28BE /* SearchViewController.swift */,
			);
			path = ViewControllers;
			sourceTree = "<group>";
		};
		93CE05512C92E908000C28BE /* Views */ = {
			isa = PBXGroup;
			children = (
				93CE05522C92E92D000C28BE /* GFButton.swift */,
				93CE05542C92EC36000C28BE /* GFTextField.swift */,
			);
			path = Views;
			sourceTree = "<group>";
		};
/* End PBXGroup section */

/* Begin PBXNativeTarget section */
		93CE05182C92D479000C28BE /* Github Followers */ = {
			isa = PBXNativeTarget;
			buildConfigurationList = 93CE05432C92D47B000C28BE /* Build configuration list for PBXNativeTarget "Github Followers" */;
			buildPhases = (
				93CE05152C92D479000C28BE /* Sources */,
				93CE05162C92D479000C28BE /* Frameworks */,
				93CE05172C92D479000C28BE /* Resources */,
			);
			buildRules = (
			);
			dependencies = (
			);
			name = "Github Followers";
			productName = "Github Followers";
			productReference = 93CE05192C92D479000C28BE /* Github Followers.app */;
			productType = "com.apple.product-type.application";
		};
		93CE052E2C92D47B000C28BE /* Github FollowersTests */ = {
			isa = PBXNativeTarget;
			buildConfigurationList = 93CE05462C92D47B000C28BE /* Build configuration list for PBXNativeTarget "Github FollowersTests" */;
			buildPhases = (
				93CE052B2C92D47B000C28BE /* Sources */,
				93CE052C2C92D47B000C28BE /* Frameworks */,
				93CE052D2C92D47B000C28BE /* Resources */,
			);
			buildRules = (
			);
			dependencies = (
				93CE05312C92D47B000C28BE /* PBXTargetDependency */,
			);
			name = "Github FollowersTests";
			productName = "Github FollowersTests";
			productReference = 93CE052F2C92D47B000C28BE /* Github FollowersTests.xctest */;
			productType = "com.apple.product-type.bundle.unit-test";
		};
		93CE05382C92D47B000C28BE /* Github FollowersUITests */ = {
			isa = PBXNativeTarget;
			buildConfigurationList = 93CE05492C92D47B000C28BE /* Build configuration list for PBXNativeTarget "Github FollowersUITests" */;
			buildPhases = (
				93CE05352C92D47B000C28BE /* Sources */,
				93CE05362C92D47B000C28BE /* Frameworks */,
				93CE05372C92D47B000C28BE /* Resources */,
			);
			buildRules = (
			);
			dependencies = (
				93CE053B2C92D47B000C28BE /* PBXTargetDependency */,
			);
			name = "Github FollowersUITests";
			productName = "Github FollowersUITests";
			productReference = 93CE05392C92D47B000C28BE /* Github FollowersUITests.xctest */;
			productType = "com.apple.product-type.bundle.ui-testing";
		};
/* End PBXNativeTarget section */

/* Begin PBXProject section */
		93CE05112C92D479000C28BE /* Project object */ = {
			isa = PBXProject;
			attributes = {
				BuildIndependentTargetsInParallel = 1;
				LastSwiftUpdateCheck = 1540;
				LastUpgradeCheck = 1540;
				TargetAttributes = {
					93CE05182C92D479000C28BE = {
						CreatedOnToolsVersion = 15.4;
					};
					93CE052E2C92D47B000C28BE = {
						CreatedOnToolsVersion = 15.4;
						TestTargetID = 93CE05182C92D479000C28BE;
					};
					93CE05382C92D47B000C28BE = {
						CreatedOnToolsVersion = 15.4;
						TestTargetID = 93CE05182C92D479000C28BE;
					};
				};
			};
			buildConfigurationList = 93CE05142C92D479000C28BE /* Build configuration list for PBXProject "Github Followers" */;
			compatibilityVersion = "Xcode 14.0";
			developmentRegion = en;
			hasScannedForEncodings = 0;
			knownRegions = (
				en,
				Base,
			);
			mainGroup = 93CE05102C92D479000C28BE;
			productRefGroup = 93CE051A2C92D479000C28BE /* Products */;
			projectDirPath = "";
			projectRoot = "";
			targets = (
				93CE05182C92D479000C28BE /* Github Followers */,
				93CE052E2C92D47B000C28BE /* Github FollowersTests */,
				93CE05382C92D47B000C28BE /* Github FollowersUITests */,
			);
		};
/* End PBXProject section */

/* Begin PBXResourcesBuildPhase section */
		93CE05172C92D479000C28BE /* Resources */ = {
			isa = PBXResourcesBuildPhase;
			buildActionMask = 2147483647;
			files = (
				93CE05262C92D47B000C28BE /* Assets.xcassets in Resources */,
				93CE05292C92D47B000C28BE /* Base in Resources */,
			);
			runOnlyForDeploymentPostprocessing = 0;
		};
		93CE052D2C92D47B000C28BE /* Resources */ = {
			isa = PBXResourcesBuildPhase;
			buildActionMask = 2147483647;
			files = (
			);
			runOnlyForDeploymentPostprocessing = 0;
		};
		93CE05372C92D47B000C28BE /* Resources */ = {
			isa = PBXResourcesBuildPhase;
			buildActionMask = 2147483647;
			files = (
			);
			runOnlyForDeploymentPostprocessing = 0;
		};
/* End PBXResourcesBuildPhase section */

/* Begin PBXSourcesBuildPhase section */
		93CE05152C92D479000C28BE /* Sources */ = {
			isa = PBXSourcesBuildPhase;
			buildActionMask = 2147483647;
			files = (
				93CE05552C92EC37000C28BE /* GFTextField.swift in Sources */,
				93CE054E2C92DA18000C28BE /* SearchViewController.swift in Sources */,
				93CE05532C92E92D000C28BE /* GFButton.swift in Sources */,
				93CE05572C92F6A0000C28BE /* FollowerListViewController.swift in Sources */,
				93CE051D2C92D479000C28BE /* AppDelegate.swift in Sources */,
				93CE05502C92DA4A000C28BE /* FavoritesListViewController.swift in Sources */,
				93CE051F2C92D479000C28BE /* SceneDelegate.swift in Sources */,
			);
			runOnlyForDeploymentPostprocessing = 0;
		};
		93CE052B2C92D47B000C28BE /* Sources */ = {
			isa = PBXSourcesBuildPhase;
			buildActionMask = 2147483647;
			files = (
				93CE05342C92D47B000C28BE /* Github_FollowersTests.swift in Sources */,
			);
			runOnlyForDeploymentPostprocessing = 0;
		};
		93CE05352C92D47B000C28BE /* Sources */ = {
			isa = PBXSourcesBuildPhase;
			buildActionMask = 2147483647;
			files = (
				93CE053E2C92D47B000C28BE /* Github_FollowersUITests.swift in Sources */,
				93CE05402C92D47B000C28BE /* Github_FollowersUITestsLaunchTests.swift in Sources */,
			);
			runOnlyForDeploymentPostprocessing = 0;
		};
/* End PBXSourcesBuildPhase section */

/* Begin PBXTargetDependency section */
		93CE05312C92D47B000C28BE /* PBXTargetDependency */ = {
			isa = PBXTargetDependency;
			target = 93CE05182C92D479000C28BE /* Github Followers */;
			targetProxy = 93CE05302C92D47B000C28BE /* PBXContainerItemProxy */;
		};
		93CE053B2C92D47B000C28BE /* PBXTargetDependency */ = {
			isa = PBXTargetDependency;
			target = 93CE05182C92D479000C28BE /* Github Followers */;
			targetProxy = 93CE053A2C92D47B000C28BE /* PBXContainerItemProxy */;
		};
/* End PBXTargetDependency section */

/* Begin PBXVariantGroup section */
		93CE05272C92D47B000C28BE /* LaunchScreen.storyboard */ = {
			isa = PBXVariantGroup;
			children = (
				93CE05282C92D47B000C28BE /* Base */,
			);
			name = LaunchScreen.storyboard;
			sourceTree = "<group>";
		};
/* End PBXVariantGroup section */

/* Begin XCBuildConfiguration section */
		93CE05412C92D47B000C28BE /* Debug */ = {
			isa = XCBuildConfiguration;
			buildSettings = {
				ALWAYS_SEARCH_USER_PATHS = NO;
				ASSETCATALOG_COMPILER_GENERATE_SWIFT_ASSET_SYMBOL_EXTENSIONS = YES;
				CLANG_ANALYZER_NONNULL = YES;
				CLANG_ANALYZER_NUMBER_OBJECT_CONVERSION = YES_AGGRESSIVE;
				CLANG_CXX_LANGUAGE_STANDARD = "gnu++20";
				CLANG_ENABLE_MODULES = YES;
				CLANG_ENABLE_OBJC_ARC = YES;
				CLANG_ENABLE_OBJC_WEAK = YES;
				CLANG_WARN_BLOCK_CAPTURE_AUTORELEASING = YES;
				CLANG_WARN_BOOL_CONVERSION = YES;
				CLANG_WARN_COMMA = YES;
				CLANG_WARN_CONSTANT_CONVERSION = YES;
				CLANG_WARN_DEPRECATED_OBJC_IMPLEMENTATIONS = YES;
				CLANG_WARN_DIRECT_OBJC_ISA_USAGE = YES_ERROR;
				CLANG_WARN_DOCUMENTATION_COMMENTS = YES;
				CLANG_WARN_EMPTY_BODY = YES;
				CLANG_WARN_ENUM_CONVERSION = YES;
				CLANG_WARN_INFINITE_RECURSION = YES;
				CLANG_WARN_INT_CONVERSION = YES;
				CLANG_WARN_NON_LITERAL_NULL_CONVERSION = YES;
				CLANG_WARN_OBJC_IMPLICIT_RETAIN_SELF = YES;
				CLANG_WARN_OBJC_LITERAL_CONVERSION = YES;
				CLANG_WARN_OBJC_ROOT_CLASS = YES_ERROR;
				CLANG_WARN_QUOTED_INCLUDE_IN_FRAMEWORK_HEADER = YES;
				CLANG_WARN_RANGE_LOOP_ANALYSIS = YES;
				CLANG_WARN_STRICT_PROTOTYPES = YES;
				CLANG_WARN_SUSPICIOUS_MOVE = YES;
				CLANG_WARN_UNGUARDED_AVAILABILITY = YES_AGGRESSIVE;
				CLANG_WARN_UNREACHABLE_CODE = YES;
				CLANG_WARN__DUPLICATE_METHOD_MATCH = YES;
				COPY_PHASE_STRIP = NO;
				DEBUG_INFORMATION_FORMAT = dwarf;
				ENABLE_STRICT_OBJC_MSGSEND = YES;
				ENABLE_TESTABILITY = YES;
				ENABLE_USER_SCRIPT_SANDBOXING = YES;
				GCC_C_LANGUAGE_STANDARD = gnu17;
				GCC_DYNAMIC_NO_PIC = NO;
				GCC_NO_COMMON_BLOCKS = YES;
				GCC_OPTIMIZATION_LEVEL = 0;
				GCC_PREPROCESSOR_DEFINITIONS = (
					"DEBUG=1",
					"$(inherited)",
				);
				GCC_WARN_64_TO_32_BIT_CONVERSION = YES;
				GCC_WARN_ABOUT_RETURN_TYPE = YES_ERROR;
				GCC_WARN_UNDECLARED_SELECTOR = YES;
				GCC_WARN_UNINITIALIZED_AUTOS = YES_AGGRESSIVE;
				GCC_WARN_UNUSED_FUNCTION = YES;
				GCC_WARN_UNUSED_VARIABLE = YES;
				IPHONEOS_DEPLOYMENT_TARGET = 17.5;
				LOCALIZATION_PREFERS_STRING_CATALOGS = YES;
				MTL_ENABLE_DEBUG_INFO = INCLUDE_SOURCE;
				MTL_FAST_MATH = YES;
				ONLY_ACTIVE_ARCH = YES;
				SDKROOT = iphoneos;
				SWIFT_ACTIVE_COMPILATION_CONDITIONS = "DEBUG $(inherited)";
				SWIFT_OPTIMIZATION_LEVEL = "-Onone";
			};
			name = Debug;
		};
		93CE05422C92D47B000C28BE /* Release */ = {
			isa = XCBuildConfiguration;
			buildSettings = {
				ALWAYS_SEARCH_USER_PATHS = NO;
				ASSETCATALOG_COMPILER_GENERATE_SWIFT_ASSET_SYMBOL_EXTENSIONS = YES;
				CLANG_ANALYZER_NONNULL = YES;
				CLANG_ANALYZER_NUMBER_OBJECT_CONVERSION = YES_AGGRESSIVE;
				CLANG_CXX_LANGUAGE_STANDARD = "gnu++20";
				CLANG_ENABLE_MODULES = YES;
				CLANG_ENABLE_OBJC_ARC = YES;
				CLANG_ENABLE_OBJC_WEAK = YES;
				CLANG_WARN_BLOCK_CAPTURE_AUTORELEASING = YES;
				CLANG_WARN_BOOL_CONVERSION = YES;
				CLANG_WARN_COMMA = YES;
				CLANG_WARN_CONSTANT_CONVERSION = YES;
				CLANG_WARN_DEPRECATED_OBJC_IMPLEMENTATIONS = YES;
				CLANG_WARN_DIRECT_OBJC_ISA_USAGE = YES_ERROR;
				CLANG_WARN_DOCUMENTATION_COMMENTS = YES;
				CLANG_WARN_EMPTY_BODY = YES;
				CLANG_WARN_ENUM_CONVERSION = YES;
				CLANG_WARN_INFINITE_RECURSION = YES;
				CLANG_WARN_INT_CONVERSION = YES;
				CLANG_WARN_NON_LITERAL_NULL_CONVERSION = YES;
				CLANG_WARN_OBJC_IMPLICIT_RETAIN_SELF = YES;
				CLANG_WARN_OBJC_LITERAL_CONVERSION = YES;
				CLANG_WARN_OBJC_ROOT_CLASS = YES_ERROR;
				CLANG_WARN_QUOTED_INCLUDE_IN_FRAMEWORK_HEADER = YES;
				CLANG_WARN_RANGE_LOOP_ANALYSIS = YES;
				CLANG_WARN_STRICT_PROTOTYPES = YES;
				CLANG_WARN_SUSPICIOUS_MOVE = YES;
				CLANG_WARN_UNGUARDED_AVAILABILITY = YES_AGGRESSIVE;
				CLANG_WARN_UNREACHABLE_CODE = YES;
				CLANG_WARN__DUPLICATE_METHOD_MATCH = YES;
				COPY_PHASE_STRIP = NO;
				DEBUG_INFORMATION_FORMAT = "dwarf-with-dsym";
				ENABLE_NS_ASSERTIONS = NO;
				ENABLE_STRICT_OBJC_MSGSEND = YES;
				ENABLE_USER_SCRIPT_SANDBOXING = YES;
				GCC_C_LANGUAGE_STANDARD = gnu17;
				GCC_NO_COMMON_BLOCKS = YES;
				GCC_WARN_64_TO_32_BIT_CONVERSION = YES;
				GCC_WARN_ABOUT_RETURN_TYPE = YES_ERROR;
				GCC_WARN_UNDECLARED_SELECTOR = YES;
				GCC_WARN_UNINITIALIZED_AUTOS = YES_AGGRESSIVE;
				GCC_WARN_UNUSED_FUNCTION = YES;
				GCC_WARN_UNUSED_VARIABLE = YES;
				IPHONEOS_DEPLOYMENT_TARGET = 17.5;
				LOCALIZATION_PREFERS_STRING_CATALOGS = YES;
				MTL_ENABLE_DEBUG_INFO = NO;
				MTL_FAST_MATH = YES;
				SDKROOT = iphoneos;
				SWIFT_COMPILATION_MODE = wholemodule;
				VALIDATE_PRODUCT = YES;
			};
			name = Release;
		};
		93CE05442C92D47B000C28BE /* Debug */ = {
			isa = XCBuildConfiguration;
			buildSettings = {
				ASSETCATALOG_COMPILER_APPICON_NAME = AppIcon;
				ASSETCATALOG_COMPILER_GLOBAL_ACCENT_COLOR_NAME = AccentColor;
				CODE_SIGN_STYLE = Automatic;
				CURRENT_PROJECT_VERSION = 1;
				DEVELOPMENT_TEAM = 62AMN3F46R;
				GENERATE_INFOPLIST_FILE = YES;
				INFOPLIST_FILE = "Github Followers/Info.plist";
				INFOPLIST_KEY_LSApplicationCategoryType = "public.app-category.developer-tools";
				INFOPLIST_KEY_UIApplicationSupportsIndirectInputEvents = YES;
				INFOPLIST_KEY_UILaunchStoryboardName = LaunchScreen;
				INFOPLIST_KEY_UIMainStoryboardFile = "";
				INFOPLIST_KEY_UISupportedInterfaceOrientations = UIInterfaceOrientationPortrait;
				INFOPLIST_KEY_UISupportedInterfaceOrientations_iPad = "UIInterfaceOrientationPortrait UIInterfaceOrientationPortraitUpsideDown";
				LD_RUNPATH_SEARCH_PATHS = (
					"$(inherited)",
					"@executable_path/Frameworks",
				);
				MARKETING_VERSION = 1.0;
				PRODUCT_BUNDLE_IDENTIFIER = "aaron.huang.Github-Followers";
				PRODUCT_NAME = "$(TARGET_NAME)";
				SUPPORTED_PLATFORMS = "iphoneos iphonesimulator";
				SUPPORTS_MACCATALYST = NO;
				SUPPORTS_MAC_DESIGNED_FOR_IPHONE_IPAD = NO;
				SUPPORTS_XR_DESIGNED_FOR_IPHONE_IPAD = NO;
				SWIFT_EMIT_LOC_STRINGS = YES;
				SWIFT_VERSION = 5.0;
				TARGETED_DEVICE_FAMILY = 1;
			};
			name = Debug;
		};
		93CE05452C92D47B000C28BE /* Release */ = {
			isa = XCBuildConfiguration;
			buildSettings = {
				ASSETCATALOG_COMPILER_APPICON_NAME = AppIcon;
				ASSETCATALOG_COMPILER_GLOBAL_ACCENT_COLOR_NAME = AccentColor;
				CODE_SIGN_STYLE = Automatic;
				CURRENT_PROJECT_VERSION = 1;
				DEVELOPMENT_TEAM = 62AMN3F46R;
				GENERATE_INFOPLIST_FILE = YES;
				INFOPLIST_FILE = "Github Followers/Info.plist";
				INFOPLIST_KEY_LSApplicationCategoryType = "public.app-category.developer-tools";
				INFOPLIST_KEY_UIApplicationSupportsIndirectInputEvents = YES;
				INFOPLIST_KEY_UILaunchStoryboardName = LaunchScreen;
				INFOPLIST_KEY_UIMainStoryboardFile = "";
				INFOPLIST_KEY_UISupportedInterfaceOrientations = UIInterfaceOrientationPortrait;
				INFOPLIST_KEY_UISupportedInterfaceOrientations_iPad = "UIInterfaceOrientationPortrait UIInterfaceOrientationPortraitUpsideDown";
				LD_RUNPATH_SEARCH_PATHS = (
					"$(inherited)",
					"@executable_path/Frameworks",
				);
				MARKETING_VERSION = 1.0;
				PRODUCT_BUNDLE_IDENTIFIER = "aaron.huang.Github-Followers";
				PRODUCT_NAME = "$(TARGET_NAME)";
				SUPPORTED_PLATFORMS = "iphoneos iphonesimulator";
				SUPPORTS_MACCATALYST = NO;
				SUPPORTS_MAC_DESIGNED_FOR_IPHONE_IPAD = NO;
				SUPPORTS_XR_DESIGNED_FOR_IPHONE_IPAD = NO;
				SWIFT_EMIT_LOC_STRINGS = YES;
				SWIFT_VERSION = 5.0;
				TARGETED_DEVICE_FAMILY = 1;
			};
			name = Release;
		};
		93CE05472C92D47B000C28BE /* Debug */ = {
			isa = XCBuildConfiguration;
			buildSettings = {
				ALWAYS_EMBED_SWIFT_STANDARD_LIBRARIES = YES;
				BUNDLE_LOADER = "$(TEST_HOST)";
				CODE_SIGN_STYLE = Automatic;
				CURRENT_PROJECT_VERSION = 1;
				DEVELOPMENT_TEAM = 62AMN3F46R;
				GENERATE_INFOPLIST_FILE = YES;
				IPHONEOS_DEPLOYMENT_TARGET = 17.5;
				MARKETING_VERSION = 1.0;
				PRODUCT_BUNDLE_IDENTIFIER = "aaron.huang.Github-FollowersTests";
				PRODUCT_NAME = "$(TARGET_NAME)";
				SWIFT_EMIT_LOC_STRINGS = NO;
				SWIFT_VERSION = 5.0;
				TARGETED_DEVICE_FAMILY = "1,2";
				TEST_HOST = "$(BUILT_PRODUCTS_DIR)/Github Followers.app/$(BUNDLE_EXECUTABLE_FOLDER_PATH)/Github Followers";
			};
			name = Debug;
		};
		93CE05482C92D47B000C28BE /* Release */ = {
			isa = XCBuildConfiguration;
			buildSettings = {
				ALWAYS_EMBED_SWIFT_STANDARD_LIBRARIES = YES;
				BUNDLE_LOADER = "$(TEST_HOST)";
				CODE_SIGN_STYLE = Automatic;
				CURRENT_PROJECT_VERSION = 1;
				DEVELOPMENT_TEAM = 62AMN3F46R;
				GENERATE_INFOPLIST_FILE = YES;
				IPHONEOS_DEPLOYMENT_TARGET = 17.5;
				MARKETING_VERSION = 1.0;
				PRODUCT_BUNDLE_IDENTIFIER = "aaron.huang.Github-FollowersTests";
				PRODUCT_NAME = "$(TARGET_NAME)";
				SWIFT_EMIT_LOC_STRINGS = NO;
				SWIFT_VERSION = 5.0;
				TARGETED_DEVICE_FAMILY = "1,2";
				TEST_HOST = "$(BUILT_PRODUCTS_DIR)/Github Followers.app/$(BUNDLE_EXECUTABLE_FOLDER_PATH)/Github Followers";
			};
			name = Release;
		};
		93CE054A2C92D47B000C28BE /* Debug */ = {
			isa = XCBuildConfiguration;
			buildSettings = {
				ALWAYS_EMBED_SWIFT_STANDARD_LIBRARIES = YES;
				CODE_SIGN_STYLE = Automatic;
				CURRENT_PROJECT_VERSION = 1;
				DEVELOPMENT_TEAM = 62AMN3F46R;
				GENERATE_INFOPLIST_FILE = YES;
				MARKETING_VERSION = 1.0;
				PRODUCT_BUNDLE_IDENTIFIER = "aaron.huang.Github-FollowersUITests";
				PRODUCT_NAME = "$(TARGET_NAME)";
				SWIFT_EMIT_LOC_STRINGS = NO;
				SWIFT_VERSION = 5.0;
				TARGETED_DEVICE_FAMILY = "1,2";
				TEST_TARGET_NAME = "Github Followers";
			};
			name = Debug;
		};
		93CE054B2C92D47B000C28BE /* Release */ = {
			isa = XCBuildConfiguration;
			buildSettings = {
				ALWAYS_EMBED_SWIFT_STANDARD_LIBRARIES = YES;
				CODE_SIGN_STYLE = Automatic;
				CURRENT_PROJECT_VERSION = 1;
				DEVELOPMENT_TEAM = 62AMN3F46R;
				GENERATE_INFOPLIST_FILE = YES;
				MARKETING_VERSION = 1.0;
				PRODUCT_BUNDLE_IDENTIFIER = "aaron.huang.Github-FollowersUITests";
				PRODUCT_NAME = "$(TARGET_NAME)";
				SWIFT_EMIT_LOC_STRINGS = NO;
				SWIFT_VERSION = 5.0;
				TARGETED_DEVICE_FAMILY = "1,2";
				TEST_TARGET_NAME = "Github Followers";
			};
			name = Release;
		};
/* End XCBuildConfiguration section */

/* Begin XCConfigurationList section */
		93CE05142C92D479000C28BE /* Build configuration list for PBXProject "Github Followers" */ = {
			isa = XCConfigurationList;
			buildConfigurations = (
				93CE05412C92D47B000C28BE /* Debug */,
				93CE05422C92D47B000C28BE /* Release */,
			);
			defaultConfigurationIsVisible = 0;
			defaultConfigurationName = Release;
		};
		93CE05432C92D47B000C28BE /* Build configuration list for PBXNativeTarget "Github Followers" */ = {
			isa = XCConfigurationList;
			buildConfigurations = (
				93CE05442C92D47B000C28BE /* Debug */,
				93CE05452C92D47B000C28BE /* Release */,
			);
			defaultConfigurationIsVisible = 0;
			defaultConfigurationName = Release;
		};
		93CE05462C92D47B000C28BE /* Build configuration list for PBXNativeTarget "Github FollowersTests" */ = {
			isa = XCConfigurationList;
			buildConfigurations = (
				93CE05472C92D47B000C28BE /* Debug */,
				93CE05482C92D47B000C28BE /* Release */,
			);
			defaultConfigurationIsVisible = 0;
			defaultConfigurationName = Release;
		};
		93CE05492C92D47B000C28BE /* Build configuration list for PBXNativeTarget "Github FollowersUITests" */ = {
			isa = XCConfigurationList;
			buildConfigurations = (
				93CE054A2C92D47B000C28BE /* Debug */,
				93CE054B2C92D47B000C28BE /* Release */,
			);
			defaultConfigurationIsVisible = 0;
			defaultConfigurationName = Release;
		};
/* End XCConfigurationList section */
	};
	rootObject = 93CE05112C92D479000C28BE /* Project object */;
}
